
Microsoft Visual Studio Solution File, Format Version 12.00
# Visual Studio Version 17
VisualStudioVersion = 17.14.36915.13 d17.14
MinimumVisualStudioVersion = 10.0.40219.1
Project("{FAE04EC0-301F-11D3-BF4B-00C04F79EFBC}") = "QuizPlatform.API", "QuizPlatform.API\QuizPlatform.API.csproj", "{15259038-9333-42FD-A48D-8557F5D6DF30}"
EndProject
Global
	GlobalSection(SolutionConfigurationPlatforms) = preSolution
		Debug|Any CPU = Debug|Any CPU
		Release|Any CPU = Release|Any CPU
	EndGlobalSection
	GlobalSection(ProjectConfigurationPlatforms) = postSolution
		{15259038-9333-42FD-A48D-8557F5D6DF30}.Debug|Any CPU.ActiveCfg = Debug|Any CPU
		{15259038-9333-42FD-A48D-8557F5D6DF30}.Debug|Any CPU.Build.0 = Debug|Any CPU
		{15259038-9333-42FD-A48D-8557F5D6DF30}.Release|Any CPU.ActiveCfg = Release|Any CPU
		{15259038-9333-42FD-A48D-8557F5D6DF30}.Release|Any CPU.Build.0 = Release|Any CPU
	EndGlobalSection
	GlobalSection(SolutionProperties) = preSolution
		HideSolutionNode = FALSE
	EndGlobalSection
	GlobalSection(ExtensibilityGlobals) = postSolution
		SolutionGuid = {F52FF7E1-80DC-4FF4-A377-8D3ED1F75067}
	EndGlobalSection
EndGlobal
